
Microsoft Visual Studio Solution File, Format Version 12.00
# Visual Studio Version 17
VisualStudioVersion = 17.3.32825.248
MinimumVisualStudioVersion = 10.0.40219.1
Project("{8BC9CEB8-8B4A-11D0-8D11-00A0C91BC942}") = "laba5_zad2", "laba5_zad2\laba5_zad2.vcxproj", "{AFDFE751-E288-49EA-97D3-27B34503E61F}"
EndProject
Global
	GlobalSection(SolutionConfigurationPlatforms) = preSolution
		Debug|x64 = Debug|x64
		Debug|x86 = Debug|x86
		Release|x64 = Release|x64
		Release|x86 = Release|x86
	EndGlobalSection
	GlobalSection(ProjectConfigurationPlatforms) = postSolution
		{AFDFE751-E288-49EA-97D3-27B34503E61F}.Debug|x64.ActiveCfg = Debug|x64
		{AFDFE751-E288-49EA-97D3-27B34503E61F}.Debug|x64.Build.0 = Debug|x64
		{AFDFE751-E288-49EA-97D3-27B34503E61F}.Debug|x86.ActiveCfg = Debug|Win32
		{AFDFE751-E288-49EA-97D3-27B34503E61F}.Debug|x86.Build.0 = Debug|Win32
		{AFDFE751-E288-49EA-97D3-27B34503E61F}.Release|x64.ActiveCfg = Release|x64
		{AFDFE751-E288-49EA-97D3-27B34503E61F}.Release|x64.Build.0 = Release|x64
		{AFDFE751-E288-49EA-97D3-27B34503E61F}.Release|x86.ActiveCfg = Release|Win32
		{AFDFE751-E288-49EA-97D3-27B34503E61F}.Release|x86.Build.0 = Release|Win32
	EndGlobalSection
	GlobalSection(SolutionProperties) = preSolution
		HideSolutionNode = FALSE
	EndGlobalSection
	GlobalSection(ExtensibilityGlobals) = postSolution
		SolutionGuid = {39549D7C-9AA4-4A8D-8364-955C4D078279}
	EndGlobalSection
EndGlobal
